{
  "version": 4,
  "terraform_version": "1.3.7",
  "serial": 0,
  "lineage": "894f8298-32f0-200d-e912-9401a370b193",
  "outputs": {},
  "resources": [
    {
      "mode": "managed",
      "type": "aws_key_pair",
      "name": "zomato_auth",
      "provider": "provider[\"registry.terraform.io/hashicorp/aws\"]",
      "instances": [
        {
          "schema_version": 1,
          "attributes": {
            "arn": "arn:aws:ec2:ap-south-1:884464813654:key-pair/redmi-Production",
            "fingerprint": "1b:67:31:29:3e:15:a8:66:3e:55:4c:44:e2:ee:ae:ca",
            "id": "redmi-Production",
            "key_name": "redmi-Production",
            "key_name_prefix": "",
            "key_pair_id": "key-06fb580cf1ce1d2c5",
            "key_type": "rsa",
            "public_key": "ssh-rsa AAAAB3NzaC1yc2EAAAADAQABAAABgQDZJBcSMxusmUmZgIxdzFNBPb3UgtggfqwPZe6btkhpLzE0UPfpnjzJzklEXqjaK/LGP04FzlaV+cl8WPlnMXsRNlCMdgoSxk3722bRClogwU9hoAqJA7o8gOM3IhMn4u9MLwnBHghfLTf0lk+n4BHeULeIUaw1Q5sgnKTetcDF6Aew35+LD2iwe19T2piEvv2pBf7qTN1U0u6669/0ZVR0aCJXCDz/cbN5YjKEDxr+cwuTj/CML8/nT0RYlp0yFHA1TNsEBqGbrhCl2IXSpbsjkd9ep5klJLx12gS5MPyla9l7246s8waguDMYr3Fp9q638u+7cBaAqevSys8TMzeRuxOc4SZx4oUPVnKo3FdWt930+Hy4BYaLMr1A57sPBCp1XgFxWY/FKA7mOHj4sjJVAK24jNx+bapHHGu8sovTErxLfpYK/Jjz2tQdpqFr3YT8Fgee4vQZM2dohLVfI0l4/OrDTm1ZYTlFQRAODtmMuU4u8S+qZzHBFPepRAsJKBc= root@ip-172-31-11-141.ap-south-1.compute.internal",
            "tags": {
              "Name": "redmi-Production"
            },
            "tags_all": {
              "Name": "redmi-Production",
              "env": "Production",
              "project": "redmi"
            }
          },
          "sensitive_attributes": [],
          "private": "eyJzY2hlbWFfdmVyc2lvbiI6IjEifQ=="
        }
      ]
    }
  ],
  "check_results": null
}
